
Microsoft Visual Studio Solution File, Format Version 12.00
# Visual Studio Version 17
VisualStudioVersion = 17.6.34031.178
MinimumVisualStudioVersion = 10.0.40219.1
Project("{FAE04EC0-301F-11D3-BF4B-00C04F79EFBC}") = "Serialization", "Serialization.csproj", "{AAF13AD4-6AA0-40E4-9D61-530F57AAFAD8}"
EndProject
Project("{FAE04EC0-301F-11D3-BF4B-00C04F79EFBC}") = "AsyncSerialization", "..\AsyncSerialization\AsyncSerialization.csproj", "{CD365AFF-F267-4E6D-BEFF-C1984EE70734}"
EndProject
Project("{FAE04EC0-301F-11D3-BF4B-00C04F79EFBC}") = "Domain", "..\Domain\Domain.csproj", "{E553E8C5-202E-4CA0-9E9C-3C32B82F7D9F}"
EndProject
Project("{FAE04EC0-301F-11D3-BF4B-00C04F79EFBC}") = "SerializeWithCollections", "..\SerializeWithCollections\SerializeWithCollections.csproj", "{D44BE47D-91BB-4C45-9536-448EC8CDE2A6}"
EndProject
Project("{FAE04EC0-301F-11D3-BF4B-00C04F79EFBC}") = "Deserialization", "..\Deserialization\Deserialization.csproj", "{65FA077F-29F0-404F-B613-2DF3A2952D91}"
EndProject
Project("{FAE04EC0-301F-11D3-BF4B-00C04F79EFBC}") = "AsyncDeserialization", "..\AsyncDeserialization\AsyncDeserialization.csproj", "{08B8C45E-88ED-410F-835F-560F8C1A6208}"
EndProject
Project("{FAE04EC0-301F-11D3-BF4B-00C04F79EFBC}") = "JsonDocumentDemo", "..\JsonDocumentDemo\JsonDocumentDemo.csproj", "{B77497FC-EAF2-4DD3-B381-686F0CB62828}"
EndProject
Project("{FAE04EC0-301F-11D3-BF4B-00C04F79EFBC}") = "JsonNodeDemo", "..\JsonNodeDemo\JsonNodeDemo.csproj", "{209F3EF9-3F8B-41BA-BFEB-D73A6ABBFC5F}"
EndProject
Global
	GlobalSection(SolutionConfigurationPlatforms) = preSolution
		Debug|Any CPU = Debug|Any CPU
		Release|Any CPU = Release|Any CPU
	EndGlobalSection
	GlobalSection(ProjectConfigurationPlatforms) = postSolution
		{AAF13AD4-6AA0-40E4-9D61-530F57AAFAD8}.Debug|Any CPU.ActiveCfg = Debug|Any CPU
		{AAF13AD4-6AA0-40E4-9D61-530F57AAFAD8}.Debug|Any CPU.Build.0 = Debug|Any CPU
		{AAF13AD4-6AA0-40E4-9D61-530F57AAFAD8}.Release|Any CPU.ActiveCfg = Release|Any CPU
		{AAF13AD4-6AA0-40E4-9D61-530F57AAFAD8}.Release|Any CPU.Build.0 = Release|Any CPU
		{CD365AFF-F267-4E6D-BEFF-C1984EE70734}.Debug|Any CPU.ActiveCfg = Debug|Any CPU
		{CD365AFF-F267-4E6D-BEFF-C1984EE70734}.Debug|Any CPU.Build.0 = Debug|Any CPU
		{CD365AFF-F267-4E6D-BEFF-C1984EE70734}.Release|Any CPU.ActiveCfg = Release|Any CPU
		{CD365AFF-F267-4E6D-BEFF-C1984EE70734}.Release|Any CPU.Build.0 = Release|Any CPU
		{E553E8C5-202E-4CA0-9E9C-3C32B82F7D9F}.Debug|Any CPU.ActiveCfg = Debug|Any CPU
		{E553E8C5-202E-4CA0-9E9C-3C32B82F7D9F}.Debug|Any CPU.Build.0 = Debug|Any CPU
		{E553E8C5-202E-4CA0-9E9C-3C32B82F7D9F}.Release|Any CPU.ActiveCfg = Release|Any CPU
		{E553E8C5-202E-4CA0-9E9C-3C32B82F7D9F}.Release|Any CPU.Build.0 = Release|Any CPU
		{D44BE47D-91BB-4C45-9536-448EC8CDE2A6}.Debug|Any CPU.ActiveCfg = Debug|Any CPU
		{D44BE47D-91BB-4C45-9536-448EC8CDE2A6}.Debug|Any CPU.Build.0 = Debug|Any CPU
		{D44BE47D-91BB-4C45-9536-448EC8CDE2A6}.Release|Any CPU.ActiveCfg = Release|Any CPU
		{D44BE47D-91BB-4C45-9536-448EC8CDE2A6}.Release|Any CPU.Build.0 = Release|Any CPU
		{65FA077F-29F0-404F-B613-2DF3A2952D91}.Debug|Any CPU.ActiveCfg = Debug|Any CPU
		{65FA077F-29F0-404F-B613-2DF3A2952D91}.Debug|Any CPU.Build.0 = Debug|Any CPU
		{65FA077F-29F0-404F-B613-2DF3A2952D91}.Release|Any CPU.ActiveCfg = Release|Any CPU
		{65FA077F-29F0-404F-B613-2DF3A2952D91}.Release|Any CPU.Build.0 = Release|Any CPU
		{08B8C45E-88ED-410F-835F-560F8C1A6208}.Debug|Any CPU.ActiveCfg = Debug|Any CPU
		{08B8C45E-88ED-410F-835F-560F8C1A6208}.Debug|Any CPU.Build.0 = Debug|Any CPU
		{08B8C45E-88ED-410F-835F-560F8C1A6208}.Release|Any CPU.ActiveCfg = Release|Any CPU
		{08B8C45E-88ED-410F-835F-560F8C1A6208}.Release|Any CPU.Build.0 = Release|Any CPU
		{B77497FC-EAF2-4DD3-B381-686F0CB62828}.Debug|Any CPU.ActiveCfg = Debug|Any CPU
		{B77497FC-EAF2-4DD3-B381-686F0CB62828}.Debug|Any CPU.Build.0 = Debug|Any CPU
		{B77497FC-EAF2-4DD3-B381-686F0CB62828}.Release|Any CPU.ActiveCfg = Release|Any CPU
		{B77497FC-EAF2-4DD3-B381-686F0CB62828}.Release|Any CPU.Build.0 = Release|Any CPU
		{209F3EF9-3F8B-41BA-BFEB-D73A6ABBFC5F}.Debug|Any CPU.ActiveCfg = Debug|Any CPU
		{209F3EF9-3F8B-41BA-BFEB-D73A6ABBFC5F}.Debug|Any CPU.Build.0 = Debug|Any CPU
		{209F3EF9-3F8B-41BA-BFEB-D73A6ABBFC5F}.Release|Any CPU.ActiveCfg = Release|Any CPU
		{209F3EF9-3F8B-41BA-BFEB-D73A6ABBFC5F}.Release|Any CPU.Build.0 = Release|Any CPU
	EndGlobalSection
	GlobalSection(SolutionProperties) = preSolution
		HideSolutionNode = FALSE
	EndGlobalSection
	GlobalSection(ExtensibilityGlobals) = postSolution
		SolutionGuid = {DDAE66AC-BE95-43D5-A80B-817229C03598}
	EndGlobalSection
EndGlobal
